
Microsoft Visual Studio Solution File, Format Version 12.00
# Visual Studio 15
VisualStudioVersion = 15.0.27703.2042
MinimumVisualStudioVersion = 10.0.40219.1
Project("{FAE04EC0-301F-11D3-BF4B-00C04F79EFBC}") = "Minesweeper", "Minesweeper\Minesweeper.csproj", "{AD0BE576-C57C-4F08-AA65-C18B0B7259E8}"
EndProject
Project("{FAE04EC0-301F-11D3-BF4B-00C04F79EFBC}") = "Minesweeper.Logic", "Minesweeper.Logic\Minesweeper.Logic.csproj", "{88B1A9B8-FE39-4524-9D17-C06EEA167132}"
EndProject
Project("{FAE04EC0-301F-11D3-BF4B-00C04F79EFBC}") = "Minesweeper.Tests", "Minesweeper.Tests\Minesweeper.Tests.csproj", "{9E1FF245-88C3-42F6-A0F8-E76AD7993FD6}"
EndProject
Global
	GlobalSection(SolutionConfigurationPlatforms) = preSolution
		Debug|Any CPU = Debug|Any CPU
		Release|Any CPU = Release|Any CPU
	EndGlobalSection
	GlobalSection(ProjectConfigurationPlatforms) = postSolution
		{AD0BE576-C57C-4F08-AA65-C18B0B7259E8}.Debug|Any CPU.ActiveCfg = Debug|Any CPU
		{AD0BE576-C57C-4F08-AA65-C18B0B7259E8}.Debug|Any CPU.Build.0 = Debug|Any CPU
		{AD0BE576-C57C-4F08-AA65-C18B0B7259E8}.Release|Any CPU.ActiveCfg = Release|Any CPU
		{AD0BE576-C57C-4F08-AA65-C18B0B7259E8}.Release|Any CPU.Build.0 = Release|Any CPU
		{88B1A9B8-FE39-4524-9D17-C06EEA167132}.Debug|Any CPU.ActiveCfg = Debug|Any CPU
		{88B1A9B8-FE39-4524-9D17-C06EEA167132}.Debug|Any CPU.Build.0 = Debug|Any CPU
		{88B1A9B8-FE39-4524-9D17-C06EEA167132}.Release|Any CPU.ActiveCfg = Release|Any CPU
		{88B1A9B8-FE39-4524-9D17-C06EEA167132}.Release|Any CPU.Build.0 = Release|Any CPU
		{9E1FF245-88C3-42F6-A0F8-E76AD7993FD6}.Debug|Any CPU.ActiveCfg = Debug|Any CPU
		{9E1FF245-88C3-42F6-A0F8-E76AD7993FD6}.Debug|Any CPU.Build.0 = Debug|Any CPU
		{9E1FF245-88C3-42F6-A0F8-E76AD7993FD6}.Release|Any CPU.ActiveCfg = Release|Any CPU
		{9E1FF245-88C3-42F6-A0F8-E76AD7993FD6}.Release|Any CPU.Build.0 = Release|Any CPU
	EndGlobalSection
	GlobalSection(SolutionProperties) = preSolution
		HideSolutionNode = FALSE
	EndGlobalSection
	GlobalSection(ExtensibilityGlobals) = postSolution
		SolutionGuid = {6F5F89C5-ECDD-4F87-AFDD-8D3AF16752C6}
	EndGlobalSection
EndGlobal
